
Microsoft Visual Studio Solution File, Format Version 12.00
# Visual Studio Version 17
VisualStudioVersion = 17.5.33530.505
MinimumVisualStudioVersion = 10.0.40219.1
Project("{8BC9CEB8-8B4A-11D0-8D11-00A0C91BC942}") = "algorithm-3", "algorithm-3\algorithm-3.vcxproj", "{C54BC41D-EEDD-40E3-9AA6-62A886BB8098}"
EndProject
Global
	GlobalSection(SolutionConfigurationPlatforms) = preSolution
		Debug|x64 = Debug|x64
		Debug|x86 = Debug|x86
		Release|x64 = Release|x64
		Release|x86 = Release|x86
	EndGlobalSection
	GlobalSection(ProjectConfigurationPlatforms) = postSolution
		{C54BC41D-EEDD-40E3-9AA6-62A886BB8098}.Debug|x64.ActiveCfg = Debug|x64
		{C54BC41D-EEDD-40E3-9AA6-62A886BB8098}.Debug|x64.Build.0 = Debug|x64
		{C54BC41D-EEDD-40E3-9AA6-62A886BB8098}.Debug|x86.ActiveCfg = Debug|Win32
		{C54BC41D-EEDD-40E3-9AA6-62A886BB8098}.Debug|x86.Build.0 = Debug|Win32
		{C54BC41D-EEDD-40E3-9AA6-62A886BB8098}.Release|x64.ActiveCfg = Release|x64
		{C54BC41D-EEDD-40E3-9AA6-62A886BB8098}.Release|x64.Build.0 = Release|x64
		{C54BC41D-EEDD-40E3-9AA6-62A886BB8098}.Release|x86.ActiveCfg = Release|Win32
		{C54BC41D-EEDD-40E3-9AA6-62A886BB8098}.Release|x86.Build.0 = Release|Win32
	EndGlobalSection
	GlobalSection(SolutionProperties) = preSolution
		HideSolutionNode = FALSE
	EndGlobalSection
	GlobalSection(ExtensibilityGlobals) = postSolution
		SolutionGuid = {97741B24-2E45-45E6-93EA-7D295D3EB357}
	EndGlobalSection
EndGlobal
